
Microsoft Visual Studio Solution File, Format Version 12.00
# Visual Studio Version 16
VisualStudioVersion = 16.0.29230.47
MinimumVisualStudioVersion = 10.0.40219.1
Project("{FAE04EC0-301F-11D3-BF4B-00C04F79EFBC}") = "api_rest_netcore", "api_rest_netcore\api_rest_netcore.csproj", "{94EA0E32-18A6-4660-A2DB-DA15B2280D82}"
EndProject
Global
	GlobalSection(SolutionConfigurationPlatforms) = preSolution
		Debug|Any CPU = Debug|Any CPU
		Release|Any CPU = Release|Any CPU
	EndGlobalSection
	GlobalSection(ProjectConfigurationPlatforms) = postSolution
		{94EA0E32-18A6-4660-A2DB-DA15B2280D82}.Debug|Any CPU.ActiveCfg = Debug|Any CPU
		{94EA0E32-18A6-4660-A2DB-DA15B2280D82}.Debug|Any CPU.Build.0 = Debug|Any CPU
		{94EA0E32-18A6-4660-A2DB-DA15B2280D82}.Release|Any CPU.ActiveCfg = Release|Any CPU
		{94EA0E32-18A6-4660-A2DB-DA15B2280D82}.Release|Any CPU.Build.0 = Release|Any CPU
	EndGlobalSection
	GlobalSection(SolutionProperties) = preSolution
		HideSolutionNode = FALSE
	EndGlobalSection
	GlobalSection(ExtensibilityGlobals) = postSolution
		SolutionGuid = {D334DC84-5733-411F-B75E-A30E7C313AA9}
	EndGlobalSection
EndGlobal
